
Microsoft Visual Studio Solution File, Format Version 12.00
# Visual Studio Version 17
VisualStudioVersion = 17.6.33723.286
MinimumVisualStudioVersion = 10.0.40219.1
Project("{888888A0-9F3D-457C-B088-3A5042F75D52}") = "6.3", "6.3.pyproj", "{47CD4698-12E6-48DF-942E-6CAEB320BA09}"
EndProject
Global
	GlobalSection(SolutionConfigurationPlatforms) = preSolution
		Debug|Any CPU = Debug|Any CPU
		Release|Any CPU = Release|Any CPU
	EndGlobalSection
	GlobalSection(ProjectConfigurationPlatforms) = postSolution
		{47CD4698-12E6-48DF-942E-6CAEB320BA09}.Debug|Any CPU.ActiveCfg = Debug|Any CPU
		{47CD4698-12E6-48DF-942E-6CAEB320BA09}.Release|Any CPU.ActiveCfg = Release|Any CPU
	EndGlobalSection
	GlobalSection(SolutionProperties) = preSolution
		HideSolutionNode = FALSE
	EndGlobalSection
	GlobalSection(ExtensibilityGlobals) = postSolution
		SolutionGuid = {E037CC90-C4C0-46AC-A1A1-0AD9A4769F89}
	EndGlobalSection
EndGlobal
